// !$*UTF8*$!
{
	archiveVersion = 1;
	classes = {
	};
	objectVersion = 55;
	objects = {

/* Begin PBXBuildFile section */
		709278E927BF0D3C00929B40 /* BareBoneCalculatorApp.swift in Sources */ = {isa = PBXBuildFile; fileRef = 709278E827BF0D3C00929B40 /* BareBoneCalculatorApp.swift */; };
		709278ED27BF0D3D00929B40 /* Assets.xcassets in Resources */ = {isa = PBXBuildFile; fileRef = 709278EC27BF0D3D00929B40 /* Assets.xcassets */; };
		709278F027BF0D3D00929B40 /* Preview Assets.xcassets in Resources */ = {isa = PBXBuildFile; fileRef = 709278EF27BF0D3D00929B40 /* Preview Assets.xcassets */; };
		7092790327BF0EC500929B40 /* Operator.swift in Sources */ = {isa = PBXBuildFile; fileRef = 709278F627BF0EC500929B40 /* Operator.swift */; };
		7092790427BF0EC500929B40 /* KeypadView.swift in Sources */ = {isa = PBXBuildFile; fileRef = 709278F727BF0EC500929B40 /* KeypadView.swift */; };
		7092790527BF0EC500929B40 /* InputDisplayOperation.swift in Sources */ = {isa = PBXBuildFile; fileRef = 709278F827BF0EC500929B40 /* InputDisplayOperation.swift */; };
		7092790627BF0EC500929B40 /* KeypadConstant.swift in Sources */ = {isa = PBXBuildFile; fileRef = 709278F927BF0EC500929B40 /* KeypadConstant.swift */; };
		7092790727BF0EC500929B40 /* SolutionRowList.swift in Sources */ = {isa = PBXBuildFile; fileRef = 709278FA27BF0EC500929B40 /* SolutionRowList.swift */; };
		7092790827BF0EC500929B40 /* SettingPage.swift in Sources */ = {isa = PBXBuildFile; fileRef = 709278FB27BF0EC500929B40 /* SettingPage.swift */; };
		7092790927BF0EC500929B40 /* CanvasView.swift in Sources */ = {isa = PBXBuildFile; fileRef = 709278FC27BF0EC500929B40 /* CanvasView.swift */; };
		7092790A27BF0EC500929B40 /* KeyView.swift in Sources */ = {isa = PBXBuildFile; fileRef = 709278FD27BF0EC500929B40 /* KeyView.swift */; };
		7092790B27BF0EC500929B40 /* Number.swift in Sources */ = {isa = PBXBuildFile; fileRef = 709278FE27BF0EC500929B40 /* Number.swift */; };
		7092790C27BF0EC500929B40 /* MathTool.swift in Sources */ = {isa = PBXBuildFile; fileRef = 709278FF27BF0EC500929B40 /* MathTool.swift */; };
		7092790D27BF0EC500929B40 /* HUDView.swift in Sources */ = {isa = PBXBuildFile; fileRef = 7092790027BF0EC500929B40 /* HUDView.swift */; };
		7092790E27BF0EC500929B40 /* BasicPadDimensionConst.swift in Sources */ = {isa = PBXBuildFile; fileRef = 7092790127BF0EC500929B40 /* BasicPadDimensionConst.swift */; };
		7092790F27BF0EC500929B40 /* DisplayView.swift in Sources */ = {isa = PBXBuildFile; fileRef = 7092790227BF0EC500929B40 /* DisplayView.swift */; };
		7092791127BF132100929B40 /* Documentation.docc in Sources */ = {isa = PBXBuildFile; fileRef = 7092791027BF132100929B40 /* Documentation.docc */; };
/* End PBXBuildFile section */

/* Begin PBXFileReference section */
		709278E527BF0D3C00929B40 /* BareBoneCalculator.app */ = {isa = PBXFileReference; explicitFileType = wrapper.application; includeInIndex = 0; path = BareBoneCalculator.app; sourceTree = BUILT_PRODUCTS_DIR; };
		709278E827BF0D3C00929B40 /* BareBoneCalculatorApp.swift */ = {isa = PBXFileReference; lastKnownFileType = sourcecode.swift; path = BareBoneCalculatorApp.swift; sourceTree = "<group>"; };
		709278EC27BF0D3D00929B40 /* Assets.xcassets */ = {isa = PBXFileReference; lastKnownFileType = folder.assetcatalog; path = Assets.xcassets; sourceTree = "<group>"; };
		709278EF27BF0D3D00929B40 /* Preview Assets.xcassets */ = {isa = PBXFileReference; lastKnownFileType = folder.assetcatalog; path = "Preview Assets.xcassets"; sourceTree = "<group>"; };
		709278F627BF0EC500929B40 /* Operator.swift */ = {isa = PBXFileReference; fileEncoding = 4; lastKnownFileType = sourcecode.swift; path = Operator.swift; sourceTree = "<group>"; };
		709278F727BF0EC500929B40 /* KeypadView.swift */ = {isa = PBXFileReference; fileEncoding = 4; lastKnownFileType = sourcecode.swift; path = KeypadView.swift; sourceTree = "<group>"; };
		709278F827BF0EC500929B40 /* InputDisplayOperation.swift */ = {isa = PBXFileReference; fileEncoding = 4; lastKnownFileType = sourcecode.swift; path = InputDisplayOperation.swift; sourceTree = "<group>"; };
		709278F927BF0EC500929B40 /* KeypadConstant.swift */ = {isa = PBXFileReference; fileEncoding = 4; lastKnownFileType = sourcecode.swift; path = KeypadConstant.swift; sourceTree = "<group>"; };
		709278FA27BF0EC500929B40 /* SolutionRowList.swift */ = {isa = PBXFileReference; fileEncoding = 4; lastKnownFileType = sourcecode.swift; path = SolutionRowList.swift; sourceTree = "<group>"; };
		709278FB27BF0EC500929B40 /* SettingPage.swift */ = {isa = PBXFileReference; fileEncoding = 4; lastKnownFileType = sourcecode.swift; path = SettingPage.swift; sourceTree = "<group>"; };
		709278FC27BF0EC500929B40 /* CanvasView.swift */ = {isa = PBXFileReference; fileEncoding = 4; lastKnownFileType = sourcecode.swift; path = CanvasView.swift; sourceTree = "<group>"; };
		709278FD27BF0EC500929B40 /* KeyView.swift */ = {isa = PBXFileReference; fileEncoding = 4; lastKnownFileType = sourcecode.swift; path = KeyView.swift; sourceTree = "<group>"; };
		709278FE27BF0EC500929B40 /* Number.swift */ = {isa = PBXFileReference; fileEncoding = 4; lastKnownFileType = sourcecode.swift; path = Number.swift; sourceTree = "<group>"; };
		709278FF27BF0EC500929B40 /* MathTool.swift */ = {isa = PBXFileReference; fileEncoding = 4; lastKnownFileType = sourcecode.swift; path = MathTool.swift; sourceTree = "<group>"; };
		7092790027BF0EC500929B40 /* HUDView.swift */ = {isa = PBXFileReference; fileEncoding = 4; lastKnownFileType = sourcecode.swift; path = HUDView.swift; sourceTree = "<group>"; };
		7092790127BF0EC500929B40 /* BasicPadDimensionConst.swift */ = {isa = PBXFileReference; fileEncoding = 4; lastKnownFileType = sourcecode.swift; path = BasicPadDimensionConst.swift; sourceTree = "<group>"; };
		7092790227BF0EC500929B40 /* DisplayView.swift */ = {isa = PBXFileReference; fileEncoding = 4; lastKnownFileType = sourcecode.swift; path = DisplayView.swift; sourceTree = "<group>"; };
		7092791027BF132100929B40 /* Documentation.docc */ = {isa = PBXFileReference; lastKnownFileType = folder.documentationcatalog; path = Documentation.docc; sourceTree = "<group>"; };
/* End PBXFileReference section */

/* Begin PBXFrameworksBuildPhase section */
		709278E227BF0D3C00929B40 /* Frameworks */ = {
			isa = PBXFrameworksBuildPhase;
			buildActionMask = 2147483647;
			files = (
			);
			runOnlyForDeploymentPostprocessing = 0;
		};
/* End PBXFrameworksBuildPhase section */

/* Begin PBXGroup section */
		709278DC27BF0D3C00929B40 = {
			isa = PBXGroup;
			children = (
				7092791027BF132100929B40 /* Documentation.docc */,
				709278E727BF0D3C00929B40 /* BareBoneCalculator */,
				709278E627BF0D3C00929B40 /* Products */,
			);
			sourceTree = "<group>";
		};
		709278E627BF0D3C00929B40 /* Products */ = {
			isa = PBXGroup;
			children = (
				709278E527BF0D3C00929B40 /* BareBoneCalculator.app */,
			);
			name = Products;
			sourceTree = "<group>";
		};
		709278E727BF0D3C00929B40 /* BareBoneCalculator */ = {
			isa = PBXGroup;
			children = (
				709278E827BF0D3C00929B40 /* BareBoneCalculatorApp.swift */,
				7092790127BF0EC500929B40 /* BasicPadDimensionConst.swift */,
				709278FC27BF0EC500929B40 /* CanvasView.swift */,
				7092790227BF0EC500929B40 /* DisplayView.swift */,
				7092790027BF0EC500929B40 /* HUDView.swift */,
				709278F827BF0EC500929B40 /* InputDisplayOperation.swift */,
				709278F927BF0EC500929B40 /* KeypadConstant.swift */,
				709278F727BF0EC500929B40 /* KeypadView.swift */,
				709278FD27BF0EC500929B40 /* KeyView.swift */,
				709278FF27BF0EC500929B40 /* MathTool.swift */,
				709278FE27BF0EC500929B40 /* Number.swift */,
				709278F627BF0EC500929B40 /* Operator.swift */,
				709278FB27BF0EC500929B40 /* SettingPage.swift */,
				709278FA27BF0EC500929B40 /* SolutionRowList.swift */,
				709278EC27BF0D3D00929B40 /* Assets.xcassets */,
				709278EE27BF0D3D00929B40 /* Preview Content */,
			);
			path = BareBoneCalculator;
			sourceTree = "<group>";
		};
		709278EE27BF0D3D00929B40 /* Preview Content */ = {
			isa = PBXGroup;
			children = (
				709278EF27BF0D3D00929B40 /* Preview Assets.xcassets */,
			);
			path = "Preview Content";
			sourceTree = "<group>";
		};
/* End PBXGroup section */

/* Begin PBXNativeTarget section */
		709278E427BF0D3C00929B40 /* BareBoneCalculator */ = {
			isa = PBXNativeTarget;
			buildConfigurationList = 709278F327BF0D3D00929B40 /* Build configuration list for PBXNativeTarget "BareBoneCalculator" */;
			buildPhases = (
				709278E127BF0D3C00929B40 /* Sources */,
				709278E227BF0D3C00929B40 /* Frameworks */,
				709278E327BF0D3C00929B40 /* Resources */,
			);
			buildRules = (
			);
			dependencies = (
			);
			name = BareBoneCalculator;
			productName = BareBoneCalculator;
			productReference = 709278E527BF0D3C00929B40 /* BareBoneCalculator.app */;
			productType = "com.apple.product-type.application";
		};
/* End PBXNativeTarget section */

/* Begin PBXProject section */
		709278DD27BF0D3C00929B40 /* Project object */ = {
			isa = PBXProject;
			attributes = {
				BuildIndependentTargetsInParallel = 1;
				LastSwiftUpdateCheck = 1320;
				LastUpgradeCheck = 1320;
				TargetAttributes = {
					709278E427BF0D3C00929B40 = {
						CreatedOnToolsVersion = 13.2;
					};
				};
			};
			buildConfigurationList = 709278E027BF0D3C00929B40 /* Build configuration list for PBXProject "BareBoneCalculator" */;
			compatibilityVersion = "Xcode 13.0";
			developmentRegion = en;
			hasScannedForEncodings = 0;
			knownRegions = (
				en,
				Base,
			);
			mainGroup = 709278DC27BF0D3C00929B40;
			productRefGroup = 709278E627BF0D3C00929B40 /* Products */;
			projectDirPath = "";
			projectRoot = "";
			targets = (
				709278E427BF0D3C00929B40 /* BareBoneCalculator */,
			);
		};
/* End PBXProject section */

/* Begin PBXResourcesBuildPhase section */
		709278E327BF0D3C00929B40 /* Resources */ = {
			isa = PBXResourcesBuildPhase;
			buildActionMask = 2147483647;
			files = (
				709278F027BF0D3D00929B40 /* Preview Assets.xcassets in Resources */,
				709278ED27BF0D3D00929B40 /* Assets.xcassets in Resources */,
			);
			runOnlyForDeploymentPostprocessing = 0;
		};
/* End PBXResourcesBuildPhase section */

/* Begin PBXSourcesBuildPhase section */
		709278E127BF0D3C00929B40 /* Sources */ = {
			isa = PBXSourcesBuildPhase;
			buildActionMask = 2147483647;
			files = (
				7092790D27BF0EC500929B40 /* HUDView.swift in Sources */,
				7092790F27BF0EC500929B40 /* DisplayView.swift in Sources */,
				7092790B27BF0EC500929B40 /* Number.swift in Sources */,
				709278E927BF0D3C00929B40 /* BareBoneCalculatorApp.swift in Sources */,
				7092790827BF0EC500929B40 /* SettingPage.swift in Sources */,
				7092790927BF0EC500929B40 /* CanvasView.swift in Sources */,
				7092790C27BF0EC500929B40 /* MathTool.swift in Sources */,
				7092790527BF0EC500929B40 /* InputDisplayOperation.swift in Sources */,
				7092790627BF0EC500929B40 /* KeypadConstant.swift in Sources */,
				7092790A27BF0EC500929B40 /* KeyView.swift in Sources */,
				7092790327BF0EC500929B40 /* Operator.swift in Sources */,
				7092790427BF0EC500929B40 /* KeypadView.swift in Sources */,
				7092790E27BF0EC500929B40 /* BasicPadDimensionConst.swift in Sources */,
				7092791127BF132100929B40 /* Documentation.docc in Sources */,
				7092790727BF0EC500929B40 /* SolutionRowList.swift in Sources */,
			);
			runOnlyForDeploymentPostprocessing = 0;
		};
/* End PBXSourcesBuildPhase section */

/* Begin XCBuildConfiguration section */
		709278F127BF0D3D00929B40 /* Debug */ = {
			isa = XCBuildConfiguration;
			buildSettings = {
				ALWAYS_SEARCH_USER_PATHS = NO;
				CLANG_ANALYZER_NONNULL = YES;
				CLANG_ANALYZER_NUMBER_OBJECT_CONVERSION = YES_AGGRESSIVE;
				CLANG_CXX_LANGUAGE_STANDARD = "gnu++17";
				CLANG_CXX_LIBRARY = "libc++";
				CLANG_ENABLE_MODULES = YES;
				CLANG_ENABLE_OBJC_ARC = YES;
				CLANG_ENABLE_OBJC_WEAK = YES;
				CLANG_WARN_BLOCK_CAPTURE_AUTORELEASING = YES;
				CLANG_WARN_BOOL_CONVERSION = YES;
				CLANG_WARN_COMMA = YES;
				CLANG_WARN_CONSTANT_CONVERSION = YES;
				CLANG_WARN_DEPRECATED_OBJC_IMPLEMENTATIONS = YES;
				CLANG_WARN_DIRECT_OBJC_ISA_USAGE = YES_ERROR;
				CLANG_WARN_DOCUMENTATION_COMMENTS = YES;
				CLANG_WARN_EMPTY_BODY = YES;
				CLANG_WARN_ENUM_CONVERSION = YES;
				CLANG_WARN_INFINITE_RECURSION = YES;
				CLANG_WARN_INT_CONVERSION = YES;
				CLANG_WARN_NON_LITERAL_NULL_CONVERSION = YES;
				CLANG_WARN_OBJC_IMPLICIT_RETAIN_SELF = YES;
				CLANG_WARN_OBJC_LITERAL_CONVERSION = YES;
				CLANG_WARN_OBJC_ROOT_CLASS = YES_ERROR;
				CLANG_WARN_QUOTED_INCLUDE_IN_FRAMEWORK_HEADER = YES;
				CLANG_WARN_RANGE_LOOP_ANALYSIS = YES;
				CLANG_WARN_STRICT_PROTOTYPES = YES;
				CLANG_WARN_SUSPICIOUS_MOVE = YES;
				CLANG_WARN_UNGUARDED_AVAILABILITY = YES_AGGRESSIVE;
				CLANG_WARN_UNREACHABLE_CODE = YES;
				CLANG_WARN__DUPLICATE_METHOD_MATCH = YES;
				COPY_PHASE_STRIP = NO;
				DEBUG_INFORMATION_FORMAT = dwarf;
				ENABLE_STRICT_OBJC_MSGSEND = YES;
				ENABLE_TESTABILITY = YES;
				GCC_C_LANGUAGE_STANDARD = gnu11;
				GCC_DYNAMIC_NO_PIC = NO;
				GCC_NO_COMMON_BLOCKS = YES;
				GCC_OPTIMIZATION_LEVEL = 0;
				GCC_PREPROCESSOR_DEFINITIONS = (
					"DEBUG=1",
					"$(inherited)",
				);
				GCC_WARN_64_TO_32_BIT_CONVERSION = YES;
				GCC_WARN_ABOUT_RETURN_TYPE = YES_ERROR;
				GCC_WARN_UNDECLARED_SELECTOR = YES;
				GCC_WARN_UNINITIALIZED_AUTOS = YES_AGGRESSIVE;
				GCC_WARN_UNUSED_FUNCTION = YES;
				GCC_WARN_UNUSED_VARIABLE = YES;
				IPHONEOS_DEPLOYMENT_TARGET = 15.2;
				MTL_ENABLE_DEBUG_INFO = INCLUDE_SOURCE;
				MTL_FAST_MATH = YES;
				ONLY_ACTIVE_ARCH = YES;
				SDKROOT = iphoneos;
				SWIFT_ACTIVE_COMPILATION_CONDITIONS = DEBUG;
				SWIFT_OPTIMIZATION_LEVEL = "-Onone";
			};
			name = Debug;
		};
		709278F227BF0D3D00929B40 /* Release */ = {
			isa = XCBuildConfiguration;
			buildSettings = {
				ALWAYS_SEARCH_USER_PATHS = NO;
				CLANG_ANALYZER_NONNULL = YES;
				CLANG_ANALYZER_NUMBER_OBJECT_CONVERSION = YES_AGGRESSIVE;
				CLANG_CXX_LANGUAGE_STANDARD = "gnu++17";
				CLANG_CXX_LIBRARY = "libc++";
				CLANG_ENABLE_MODULES = YES;
				CLANG_ENABLE_OBJC_ARC = YES;
				CLANG_ENABLE_OBJC_WEAK = YES;
				CLANG_WARN_BLOCK_CAPTURE_AUTORELEASING = YES;
				CLANG_WARN_BOOL_CONVERSION = YES;
				CLANG_WARN_COMMA = YES;
				CLANG_WARN_CONSTANT_CONVERSION = YES;
				CLANG_WARN_DEPRECATED_OBJC_IMPLEMENTATIONS = YES;
				CLANG_WARN_DIRECT_OBJC_ISA_USAGE = YES_ERROR;
				CLANG_WARN_DOCUMENTATION_COMMENTS = YES;
				CLANG_WARN_EMPTY_BODY = YES;
				CLANG_WARN_ENUM_CONVERSION = YES;
				CLANG_WARN_INFINITE_RECURSION = YES;
				CLANG_WARN_INT_CONVERSION = YES;
				CLANG_WARN_NON_LITERAL_NULL_CONVERSION = YES;
				CLANG_WARN_OBJC_IMPLICIT_RETAIN_SELF = YES;
				CLANG_WARN_OBJC_LITERAL_CONVERSION = YES;
				CLANG_WARN_OBJC_ROOT_CLASS = YES_ERROR;
				CLANG_WARN_QUOTED_INCLUDE_IN_FRAMEWORK_HEADER = YES;
				CLANG_WARN_RANGE_LOOP_ANALYSIS = YES;
				CLANG_WARN_STRICT_PROTOTYPES = YES;
				CLANG_WARN_SUSPICIOUS_MOVE = YES;
				CLANG_WARN_UNGUARDED_AVAILABILITY = YES_AGGRESSIVE;
				CLANG_WARN_UNREACHABLE_CODE = YES;
				CLANG_WARN__DUPLICATE_METHOD_MATCH = YES;
				COPY_PHASE_STRIP = NO;
				DEBUG_INFORMATION_FORMAT = "dwarf-with-dsym";
				ENABLE_NS_ASSERTIONS = NO;
				ENABLE_STRICT_OBJC_MSGSEND = YES;
				GCC_C_LANGUAGE_STANDARD = gnu11;
				GCC_NO_COMMON_BLOCKS = YES;
				GCC_WARN_64_TO_32_BIT_CONVERSION = YES;
				GCC_WARN_ABOUT_RETURN_TYPE = YES_ERROR;
				GCC_WARN_UNDECLARED_SELECTOR = YES;
				GCC_WARN_UNINITIALIZED_AUTOS = YES_AGGRESSIVE;
				GCC_WARN_UNUSED_FUNCTION = YES;
				GCC_WARN_UNUSED_VARIABLE = YES;
				IPHONEOS_DEPLOYMENT_TARGET = 15.2;
				MTL_ENABLE_DEBUG_INFO = NO;
				MTL_FAST_MATH = YES;
				SDKROOT = iphoneos;
				SWIFT_COMPILATION_MODE = wholemodule;
				SWIFT_OPTIMIZATION_LEVEL = "-O";
				VALIDATE_PRODUCT = YES;
			};
			name = Release;
		};
		709278F427BF0D3D00929B40 /* Debug */ = {
			isa = XCBuildConfiguration;
			buildSettings = {
				ASSETCATALOG_COMPILER_APPICON_NAME = AppIcon;
				ASSETCATALOG_COMPILER_GLOBAL_ACCENT_COLOR_NAME = AccentColor;
				CODE_SIGN_STYLE = Automatic;
				CURRENT_PROJECT_VERSION = 1;
				DEVELOPMENT_ASSET_PATHS = "\"BareBoneCalculator/Preview Content\"";
				ENABLE_PREVIEWS = YES;
				GENERATE_INFOPLIST_FILE = YES;
				INFOPLIST_KEY_UIApplicationSceneManifest_Generation = YES;
				INFOPLIST_KEY_UIApplicationSupportsIndirectInputEvents = YES;
				INFOPLIST_KEY_UILaunchScreen_Generation = YES;
				INFOPLIST_KEY_UISupportedInterfaceOrientations_iPad = "UIInterfaceOrientationPortrait UIInterfaceOrientationPortraitUpsideDown UIInterfaceOrientationLandscapeLeft UIInterfaceOrientationLandscapeRight";
				INFOPLIST_KEY_UISupportedInterfaceOrientations_iPhone = "UIInterfaceOrientationPortrait UIInterfaceOrientationLandscapeLeft UIInterfaceOrientationLandscapeRight";
				LD_RUNPATH_SEARCH_PATHS = (
					"$(inherited)",
					"@executable_path/Frameworks",
				);
				MARKETING_VERSION = 1.0;
				PRODUCT_BUNDLE_IDENTIFIER = Math.BareBoneCalculator;
				PRODUCT_NAME = "$(TARGET_NAME)";
				SWIFT_EMIT_LOC_STRINGS = YES;
				SWIFT_VERSION = 5.0;
				TARGETED_DEVICE_FAMILY = "1,2";
			};
			name = Debug;
		};
		709278F527BF0D3D00929B40 /* Release */ = {
			isa = XCBuildConfiguration;
			buildSettings = {
				ASSETCATALOG_COMPILER_APPICON_NAME = AppIcon;
				ASSETCATALOG_COMPILER_GLOBAL_ACCENT_COLOR_NAME = AccentColor;
				CODE_SIGN_STYLE = Automatic;
				CURRENT_PROJECT_VERSION = 1;
				DEVELOPMENT_ASSET_PATHS = "\"BareBoneCalculator/Preview Content\"";
				ENABLE_PREVIEWS = YES;
				GENERATE_INFOPLIST_FILE = YES;
				INFOPLIST_KEY_UIApplicationSceneManifest_Generation = YES;
				INFOPLIST_KEY_UIApplicationSupportsIndirectInputEvents = YES;
				INFOPLIST_KEY_UILaunchScreen_Generation = YES;
				INFOPLIST_KEY_UISupportedInterfaceOrientations_iPad = "UIInterfaceOrientationPortrait UIInterfaceOrientationPortraitUpsideDown UIInterfaceOrientationLandscapeLeft UIInterfaceOrientationLandscapeRight";
				INFOPLIST_KEY_UISupportedInterfaceOrientations_iPhone = "UIInterfaceOrientationPortrait UIInterfaceOrientationLandscapeLeft UIInterfaceOrientationLandscapeRight";
				LD_RUNPATH_SEARCH_PATHS = (
					"$(inherited)",
					"@executable_path/Frameworks",
				);
				MARKETING_VERSION = 1.0;
				PRODUCT_BUNDLE_IDENTIFIER = Math.BareBoneCalculator;
				PRODUCT_NAME = "$(TARGET_NAME)";
				SWIFT_EMIT_LOC_STRINGS = YES;
				SWIFT_VERSION = 5.0;
				TARGETED_DEVICE_FAMILY = "1,2";
			};
			name = Release;
		};
/* End XCBuildConfiguration section */

/* Begin XCConfigurationList section */
		709278E027BF0D3C00929B40 /* Build configuration list for PBXProject "BareBoneCalculator" */ = {
			isa = XCConfigurationList;
			buildConfigurations = (
				709278F127BF0D3D00929B40 /* Debug */,
				709278F227BF0D3D00929B40 /* Release */,
			);
			defaultConfigurationIsVisible = 0;
			defaultConfigurationName = Release;
		};
		709278F327BF0D3D00929B40 /* Build configuration list for PBXNativeTarget "BareBoneCalculator" */ = {
			isa = XCConfigurationList;
			buildConfigurations = (
				709278F427BF0D3D00929B40 /* Debug */,
				709278F527BF0D3D00929B40 /* Release */,
			);
			defaultConfigurationIsVisible = 0;
			defaultConfigurationName = Release;
		};
/* End XCConfigurationList section */
	};
	rootObject = 709278DD27BF0D3C00929B40 /* Project object */;
}
